
Microsoft Visual Studio Solution File, Format Version 12.00
# Visual Studio Version 16
VisualStudioVersion = 16.0.31729.503
MinimumVisualStudioVersion = 10.0.40219.1
Project("{FAE04EC0-301F-11D3-BF4B-00C04F79EFBC}") = "SimplyJwt", "SimplyJwt\SimplyJwt.csproj", "{0FAD7722-901F-49AE-84BD-AA6C09F5434A}"
EndProject
Project("{2150E333-8FDC-42A3-9474-1A3956D46DE8}") = "Solution Items", "Solution Items", "{7EE4F1B8-34BF-44D5-AA26-26A3F23517F4}"
	ProjectSection(SolutionItems) = preProject
		Readme.md = Readme.md
	EndProjectSection
EndProject
Global
	GlobalSection(SolutionConfigurationPlatforms) = preSolution
		Debug|Any CPU = Debug|Any CPU
		Release|Any CPU = Release|Any CPU
	EndGlobalSection
	GlobalSection(ProjectConfigurationPlatforms) = postSolution
		{0FAD7722-901F-49AE-84BD-AA6C09F5434A}.Debug|Any CPU.ActiveCfg = Debug|Any CPU
		{0FAD7722-901F-49AE-84BD-AA6C09F5434A}.Debug|Any CPU.Build.0 = Debug|Any CPU
		{0FAD7722-901F-49AE-84BD-AA6C09F5434A}.Release|Any CPU.ActiveCfg = Release|Any CPU
		{0FAD7722-901F-49AE-84BD-AA6C09F5434A}.Release|Any CPU.Build.0 = Release|Any CPU
	EndGlobalSection
	GlobalSection(SolutionProperties) = preSolution
		HideSolutionNode = FALSE
	EndGlobalSection
	GlobalSection(ExtensibilityGlobals) = postSolution
		SolutionGuid = {F85E8D12-BECB-453B-B572-62950D0E37EF}
	EndGlobalSection
EndGlobal
